
Microsoft Visual Studio Solution File, Format Version 12.00
# Visual Studio 14
VisualStudioVersion = 14.0.23107.0
MinimumVisualStudioVersion = 10.0.40219.1
Project("{FAE04EC0-301F-11D3-BF4B-00C04F79EFBC}") = "ThinkingClassLibary", "ClassLibary5194\ThinkingClassLibary.csproj", "{53719DF2-FA4D-41DA-B8FD-60ED2FC2D42B}"
EndProject
Project("{FAE04EC0-301F-11D3-BF4B-00C04F79EFBC}") = "ClassLibrary2361", "ClassLibrary2361\ClassLibrary2361.csproj", "{A106AA38-7D3B-4862-A126-2C0340578F90}"
EndProject
Project("{FAE04EC0-301F-11D3-BF4B-00C04F79EFBC}") = "PhysicalSimulations", "PhysicalSimulations\PhysicalSimulations.csproj", "{B0DED70A-9347-4F9B-A26F-85DB6071CB9F}"
EndProject
Project("{FAE04EC0-301F-11D3-BF4B-00C04F79EFBC}") = "ConsoleApplication4", "ConsoleApplication4\ConsoleApplication4.csproj", "{ED243CC4-0657-4624-B03A-68324106FDD3}"
EndProject
Global
	GlobalSection(SolutionConfigurationPlatforms) = preSolution
		A|Any CPU = A|Any CPU
		B|Any CPU = B|Any CPU
		Debug|Any CPU = Debug|Any CPU
		DebugOptimise|Any CPU = DebugOptimise|Any CPU
		Release|Any CPU = Release|Any CPU
		ThreadsRealease|Any CPU = ThreadsRealease|Any CPU
		ThreadsRelease|Any CPU = ThreadsRelease|Any CPU
	EndGlobalSection
	GlobalSection(ProjectConfigurationPlatforms) = postSolution
		{53719DF2-FA4D-41DA-B8FD-60ED2FC2D42B}.A|Any CPU.ActiveCfg = A|Any CPU
		{53719DF2-FA4D-41DA-B8FD-60ED2FC2D42B}.A|Any CPU.Build.0 = A|Any CPU
		{53719DF2-FA4D-41DA-B8FD-60ED2FC2D42B}.B|Any CPU.ActiveCfg = B|Any CPU
		{53719DF2-FA4D-41DA-B8FD-60ED2FC2D42B}.B|Any CPU.Build.0 = B|Any CPU
		{53719DF2-FA4D-41DA-B8FD-60ED2FC2D42B}.Debug|Any CPU.ActiveCfg = Debug|Any CPU
		{53719DF2-FA4D-41DA-B8FD-60ED2FC2D42B}.Debug|Any CPU.Build.0 = Debug|Any CPU
		{53719DF2-FA4D-41DA-B8FD-60ED2FC2D42B}.DebugOptimise|Any CPU.ActiveCfg = DebugOptimise|Any CPU
		{53719DF2-FA4D-41DA-B8FD-60ED2FC2D42B}.DebugOptimise|Any CPU.Build.0 = DebugOptimise|Any CPU
		{53719DF2-FA4D-41DA-B8FD-60ED2FC2D42B}.Release|Any CPU.ActiveCfg = Release|Any CPU
		{53719DF2-FA4D-41DA-B8FD-60ED2FC2D42B}.Release|Any CPU.Build.0 = Release|Any CPU
		{53719DF2-FA4D-41DA-B8FD-60ED2FC2D42B}.ThreadsRealease|Any CPU.ActiveCfg = ThreadsRealease|Any CPU
		{53719DF2-FA4D-41DA-B8FD-60ED2FC2D42B}.ThreadsRealease|Any CPU.Build.0 = ThreadsRealease|Any CPU
		{53719DF2-FA4D-41DA-B8FD-60ED2FC2D42B}.ThreadsRelease|Any CPU.ActiveCfg = ThreadsRealease|Any CPU
		{53719DF2-FA4D-41DA-B8FD-60ED2FC2D42B}.ThreadsRelease|Any CPU.Build.0 = ThreadsRealease|Any CPU
		{A106AA38-7D3B-4862-A126-2C0340578F90}.A|Any CPU.ActiveCfg = A|Any CPU
		{A106AA38-7D3B-4862-A126-2C0340578F90}.A|Any CPU.Build.0 = A|Any CPU
		{A106AA38-7D3B-4862-A126-2C0340578F90}.B|Any CPU.ActiveCfg = B|Any CPU
		{A106AA38-7D3B-4862-A126-2C0340578F90}.B|Any CPU.Build.0 = B|Any CPU
		{A106AA38-7D3B-4862-A126-2C0340578F90}.Debug|Any CPU.ActiveCfg = Debug|Any CPU
		{A106AA38-7D3B-4862-A126-2C0340578F90}.Debug|Any CPU.Build.0 = Debug|Any CPU
		{A106AA38-7D3B-4862-A126-2C0340578F90}.DebugOptimise|Any CPU.ActiveCfg = DebugOptimise|Any CPU
		{A106AA38-7D3B-4862-A126-2C0340578F90}.DebugOptimise|Any CPU.Build.0 = DebugOptimise|Any CPU
		{A106AA38-7D3B-4862-A126-2C0340578F90}.Release|Any CPU.ActiveCfg = Release|Any CPU
		{A106AA38-7D3B-4862-A126-2C0340578F90}.Release|Any CPU.Build.0 = Release|Any CPU
		{A106AA38-7D3B-4862-A126-2C0340578F90}.ThreadsRealease|Any CPU.ActiveCfg = ThreadsRealease|Any CPU
		{A106AA38-7D3B-4862-A126-2C0340578F90}.ThreadsRealease|Any CPU.Build.0 = ThreadsRealease|Any CPU
		{A106AA38-7D3B-4862-A126-2C0340578F90}.ThreadsRelease|Any CPU.ActiveCfg = ThreadsRealease|Any CPU
		{A106AA38-7D3B-4862-A126-2C0340578F90}.ThreadsRelease|Any CPU.Build.0 = ThreadsRealease|Any CPU
		{B0DED70A-9347-4F9B-A26F-85DB6071CB9F}.A|Any CPU.ActiveCfg = A|Any CPU
		{B0DED70A-9347-4F9B-A26F-85DB6071CB9F}.A|Any CPU.Build.0 = A|Any CPU
		{B0DED70A-9347-4F9B-A26F-85DB6071CB9F}.B|Any CPU.ActiveCfg = B|Any CPU
		{B0DED70A-9347-4F9B-A26F-85DB6071CB9F}.B|Any CPU.Build.0 = B|Any CPU
		{B0DED70A-9347-4F9B-A26F-85DB6071CB9F}.Debug|Any CPU.ActiveCfg = Debug|Any CPU
		{B0DED70A-9347-4F9B-A26F-85DB6071CB9F}.Debug|Any CPU.Build.0 = Debug|Any CPU
		{B0DED70A-9347-4F9B-A26F-85DB6071CB9F}.DebugOptimise|Any CPU.ActiveCfg = DebugOptimise|Any CPU
		{B0DED70A-9347-4F9B-A26F-85DB6071CB9F}.DebugOptimise|Any CPU.Build.0 = DebugOptimise|Any CPU
		{B0DED70A-9347-4F9B-A26F-85DB6071CB9F}.Release|Any CPU.ActiveCfg = Release|Any CPU
		{B0DED70A-9347-4F9B-A26F-85DB6071CB9F}.Release|Any CPU.Build.0 = Release|Any CPU
		{B0DED70A-9347-4F9B-A26F-85DB6071CB9F}.ThreadsRealease|Any CPU.ActiveCfg = ThreadsRealease|Any CPU
		{B0DED70A-9347-4F9B-A26F-85DB6071CB9F}.ThreadsRealease|Any CPU.Build.0 = ThreadsRealease|Any CPU
		{B0DED70A-9347-4F9B-A26F-85DB6071CB9F}.ThreadsRelease|Any CPU.ActiveCfg = ThreadsRealease|Any CPU
		{B0DED70A-9347-4F9B-A26F-85DB6071CB9F}.ThreadsRelease|Any CPU.Build.0 = ThreadsRealease|Any CPU
		{ED243CC4-0657-4624-B03A-68324106FDD3}.A|Any CPU.ActiveCfg = A|Any CPU
		{ED243CC4-0657-4624-B03A-68324106FDD3}.A|Any CPU.Build.0 = A|Any CPU
		{ED243CC4-0657-4624-B03A-68324106FDD3}.B|Any CPU.ActiveCfg = B|Any CPU
		{ED243CC4-0657-4624-B03A-68324106FDD3}.B|Any CPU.Build.0 = B|Any CPU
		{ED243CC4-0657-4624-B03A-68324106FDD3}.Debug|Any CPU.ActiveCfg = Debug|Any CPU
		{ED243CC4-0657-4624-B03A-68324106FDD3}.Debug|Any CPU.Build.0 = Debug|Any CPU
		{ED243CC4-0657-4624-B03A-68324106FDD3}.DebugOptimise|Any CPU.ActiveCfg = DebugOptimise|Any CPU
		{ED243CC4-0657-4624-B03A-68324106FDD3}.DebugOptimise|Any CPU.Build.0 = DebugOptimise|Any CPU
		{ED243CC4-0657-4624-B03A-68324106FDD3}.Release|Any CPU.ActiveCfg = Release|Any CPU
		{ED243CC4-0657-4624-B03A-68324106FDD3}.Release|Any CPU.Build.0 = Release|Any CPU
		{ED243CC4-0657-4624-B03A-68324106FDD3}.ThreadsRealease|Any CPU.ActiveCfg = Release|Any CPU
		{ED243CC4-0657-4624-B03A-68324106FDD3}.ThreadsRealease|Any CPU.Build.0 = Release|Any CPU
		{ED243CC4-0657-4624-B03A-68324106FDD3}.ThreadsRelease|Any CPU.ActiveCfg = ThreadsRealease|Any CPU
		{ED243CC4-0657-4624-B03A-68324106FDD3}.ThreadsRelease|Any CPU.Build.0 = ThreadsRealease|Any CPU
	EndGlobalSection
	GlobalSection(SolutionProperties) = preSolution
		HideSolutionNode = FALSE
	EndGlobalSection
EndGlobal
